{
  "name": "asincronismo",
  "version": "1.0.0",
  "lockfileVersion": 1,
  "requires": true,
  "dependencies": {
    "chalc": {
      "version": "2.0.0",
      "resolved": "https://registry.npmjs.org/chalc/-/chalc-2.0.0.tgz",
      "integrity": "sha512-uzlURbfog00if/LIx4vFVj1dl0XqNYf0RPtRoT5xnr0htkAg1kBqdylT5hSZBKas9vTcQ+smOK8r0pJonCZmVA=="
    }
  }
}
